<?xml version="1.0" encoding="utf-8"?>
<Project ToolsVersion="4.0" xmlns="http://schemas.microsoft.com/developer/msbuild/2003">
  <ItemGroup>
    <ClCompile Include="Enemy.cpp" />
    <ClCompile Include="Entity.cpp" />
    <ClCompile Include="Game.cpp" />
    <ClCompile Include="Interface.cpp" />
    <ClCompile Include="main.cpp" />
    <ClCompile Include="Player.cpp" />
    <ClCompile Include="Spells\Spell.cpp" />
    <ClCompile Include="Spells\SpellInfo.cpp" />
    <ClCompile Include="Spells\SpellRole.cpp" />
    <ClCompile Include="Spells\SpellRoles\DamageSpell.cpp" />
    <ClCompile Include="Spells\SpellRoles\HealingSpell.cpp" />
    <ClCompile Include="Spells\SpellType.cpp" />
    <ClCompile Include="Spells\SpellTypes\ChaosSpell.cpp" />
    <ClCompile Include="Spells\SpellTypes\FireSpell.cpp" />
    <ClCompile Include="Spells\SpellTypes\IceSpell.cpp" />
    <ClCompile Include="Spells\SpellTypes\LightSpell.cpp" />
    <ClCompile Include="Spells\SpellTypes\ThunderSpell.cpp" />
    <ClCompile Include="Items\Armor\Armor.cpp" />
    <ClCompile Include="Items\Weapons\Weapon.cpp" />
    <ClCompile Include="Items\Item.cpp" />
  </ItemGroup>
  <ItemGroup>
    <ClInclude Include="Enemy.h" />
    <ClInclude Include="Entity.h" />
    <ClInclude Include="Game.h" />
    <ClInclude Include="includes.h" />
    <ClInclude Include="Interface.h" />
    <ClInclude Include="Player.h" />
    <ClInclude Include="Spells\ActualSpells\spell_includes.h" />
    <ClInclude Include="Spells\Spell.h" />
    <ClInclude Include="Spells\SpellInfo.h" />
    <ClInclude Include="Spells\SpellRole.h" />
    <ClInclude Include="Spells\SpellRoles\DamageSpell.h" />
    <ClInclude Include="Spells\SpellRoles\HealingSpell.h" />
    <ClInclude Include="Spells\SpellType.h" />
    <ClInclude Include="Spells\SpellTypes\ChaosSpell.h" />
    <ClInclude Include="Spells\SpellTypes\FireSpell.h" />
    <ClInclude Include="Spells\SpellTypes\IceSpell.h" />
    <ClInclude Include="Spells\SpellTypes\LightSpell.h" />
    <ClInclude Include="Spells\SpellTypes\ThunderSpell.h" />
    <ClInclude Include="Items\Armor\Armor.h" />
    <ClInclude Include="Items\Weapons\Weapon.h" />
    <ClInclude Include="Items\Item.h" />
  </ItemGroup>
</Project>